
Microsoft Visual Studio Solution File, Format Version 12.00
# Visual Studio Version 17
VisualStudioVersion = 17.0.31903.59
MinimumVisualStudioVersion = 10.0.40219.1
Project("{9A19103F-16F7-4668-BE54-9A1E7A4F7556}") = "PlatformDemo.Data", "PlatformDemo.Data\PlatformDemo.Data.csproj", "{7A53B2E6-5DB2-46E7-B799-0E8D7FD7ADA0}"
EndProject
Project("{9A19103F-16F7-4668-BE54-9A1E7A4F7556}") = "PlatformDemo.Web", "PlatformDemo.Web\PlatformDemo.Web.csproj", "{471F42DE-D697-46D0-8233-C17F6C32E129}"
EndProject
Global
	GlobalSection(SolutionConfigurationPlatforms) = preSolution
		Debug|Any CPU = Debug|Any CPU
		Release|Any CPU = Release|Any CPU
	EndGlobalSection
	GlobalSection(ProjectConfigurationPlatforms) = postSolution
		{7A53B2E6-5DB2-46E7-B799-0E8D7FD7ADA0}.Debug|Any CPU.ActiveCfg = Debug|Any CPU
		{7A53B2E6-5DB2-46E7-B799-0E8D7FD7ADA0}.Debug|Any CPU.Build.0 = Debug|Any CPU
		{7A53B2E6-5DB2-46E7-B799-0E8D7FD7ADA0}.Release|Any CPU.ActiveCfg = Release|Any CPU
		{7A53B2E6-5DB2-46E7-B799-0E8D7FD7ADA0}.Release|Any CPU.Build.0 = Release|Any CPU
		{471F42DE-D697-46D0-8233-C17F6C32E129}.Debug|Any CPU.ActiveCfg = Debug|Any CPU
		{471F42DE-D697-46D0-8233-C17F6C32E129}.Debug|Any CPU.Build.0 = Debug|Any CPU
		{471F42DE-D697-46D0-8233-C17F6C32E129}.Release|Any CPU.ActiveCfg = Release|Any CPU
		{471F42DE-D697-46D0-8233-C17F6C32E129}.Release|Any CPU.Build.0 = Release|Any CPU
	EndGlobalSection
	GlobalSection(SolutionProperties) = preSolution
		HideSolutionNode = FALSE
	EndGlobalSection
	GlobalSection(ExtensibilityGlobals) = postSolution
		SolutionGuid = {78C57D37-80BD-4C6F-A157-C7EEA7545778}
	EndGlobalSection
EndGlobal
